// !$*UTF8*$!
{
	archiveVersion = 1;
	classes = {
	};
	objectVersion = 50;
	objects = {

/* Begin PBXBuildFile section */
		035AA126218BE51100775CFE /* AppDelegate.swift in Sources */ = {isa = PBXBuildFile; fileRef = 035AA125218BE51100775CFE /* AppDelegate.swift */; };
		035AA12B218BE51100775CFE /* Main.storyboard in Resources */ = {isa = PBXBuildFile; fileRef = 035AA129218BE51100775CFE /* Main.storyboard */; };
		035AA12E218BE51100775CFE /* ToDoList.xcdatamodeld in Sources */ = {isa = PBXBuildFile; fileRef = 035AA12C218BE51100775CFE /* ToDoList.xcdatamodeld */; };
		035AA130218BE51100775CFE /* Assets.xcassets in Resources */ = {isa = PBXBuildFile; fileRef = 035AA12F218BE51100775CFE /* Assets.xcassets */; };
		035AA133218BE51100775CFE /* LaunchScreen.storyboard in Resources */ = {isa = PBXBuildFile; fileRef = 035AA131218BE51100775CFE /* LaunchScreen.storyboard */; };
		035AA13E218BE51100775CFE /* ToDoListTests.swift in Sources */ = {isa = PBXBuildFile; fileRef = 035AA13D218BE51100775CFE /* ToDoListTests.swift */; };
		035AA149218BE51100775CFE /* ToDoListUITests.swift in Sources */ = {isa = PBXBuildFile; fileRef = 035AA148218BE51100775CFE /* ToDoListUITests.swift */; };
		035AA157218BE52900775CFE /* ToDoListViewController.swift in Sources */ = {isa = PBXBuildFile; fileRef = 035AA156218BE52900775CFE /* ToDoListViewController.swift */; };
		03B17574218D260000645E30 /* TaskViewController.swift in Sources */ = {isa = PBXBuildFile; fileRef = 03B17573218D260000645E30 /* TaskViewController.swift */; };
		03C50A29218D1FBF001692ED /* Task+CoreDataClass.swift in Sources */ = {isa = PBXBuildFile; fileRef = 03C50A27218D1FBF001692ED /* Task+CoreDataClass.swift */; };
		03C50A2A218D1FBF001692ED /* Task+CoreDataProperties.swift in Sources */ = {isa = PBXBuildFile; fileRef = 03C50A28218D1FBF001692ED /* Task+CoreDataProperties.swift */; };
/* End PBXBuildFile section */

/* Begin PBXContainerItemProxy section */
		035AA13A218BE51100775CFE /* PBXContainerItemProxy */ = {
			isa = PBXContainerItemProxy;
			containerPortal = 035AA11A218BE51100775CFE /* Project object */;
			proxyType = 1;
			remoteGlobalIDString = 035AA121218BE51100775CFE;
			remoteInfo = ToDoList;
		};
		035AA145218BE51100775CFE /* PBXContainerItemProxy */ = {
			isa = PBXContainerItemProxy;
			containerPortal = 035AA11A218BE51100775CFE /* Project object */;
			proxyType = 1;
			remoteGlobalIDString = 035AA121218BE51100775CFE;
			remoteInfo = ToDoList;
		};
/* End PBXContainerItemProxy section */

/* Begin PBXFileReference section */
		035AA122218BE51100775CFE /* ToDoList.app */ = {isa = PBXFileReference; explicitFileType = wrapper.application; includeInIndex = 0; path = ToDoList.app; sourceTree = BUILT_PRODUCTS_DIR; };
		035AA125218BE51100775CFE /* AppDelegate.swift */ = {isa = PBXFileReference; lastKnownFileType = sourcecode.swift; path = AppDelegate.swift; sourceTree = "<group>"; };
		035AA12A218BE51100775CFE /* Base */ = {isa = PBXFileReference; lastKnownFileType = file.storyboard; name = Base; path = Base.lproj/Main.storyboard; sourceTree = "<group>"; };
		035AA12D218BE51100775CFE /* ToDoList.xcdatamodel */ = {isa = PBXFileReference; lastKnownFileType = wrapper.xcdatamodel; path = ToDoList.xcdatamodel; sourceTree = "<group>"; };
		035AA12F218BE51100775CFE /* Assets.xcassets */ = {isa = PBXFileReference; lastKnownFileType = folder.assetcatalog; path = Assets.xcassets; sourceTree = "<group>"; };
		035AA132218BE51100775CFE /* Base */ = {isa = PBXFileReference; lastKnownFileType = file.storyboard; name = Base; path = Base.lproj/LaunchScreen.storyboard; sourceTree = "<group>"; };
		035AA134218BE51100775CFE /* Info.plist */ = {isa = PBXFileReference; lastKnownFileType = text.plist.xml; path = Info.plist; sourceTree = "<group>"; };
		035AA139218BE51100775CFE /* ToDoListTests.xctest */ = {isa = PBXFileReference; explicitFileType = wrapper.cfbundle; includeInIndex = 0; path = ToDoListTests.xctest; sourceTree = BUILT_PRODUCTS_DIR; };
		035AA13D218BE51100775CFE /* ToDoListTests.swift */ = {isa = PBXFileReference; lastKnownFileType = sourcecode.swift; path = ToDoListTests.swift; sourceTree = "<group>"; };
		035AA13F218BE51100775CFE /* Info.plist */ = {isa = PBXFileReference; lastKnownFileType = text.plist.xml; path = Info.plist; sourceTree = "<group>"; };
		035AA144218BE51100775CFE /* ToDoListUITests.xctest */ = {isa = PBXFileReference; explicitFileType = wrapper.cfbundle; includeInIndex = 0; path = ToDoListUITests.xctest; sourceTree = BUILT_PRODUCTS_DIR; };
		035AA148218BE51100775CFE /* ToDoListUITests.swift */ = {isa = PBXFileReference; lastKnownFileType = sourcecode.swift; path = ToDoListUITests.swift; sourceTree = "<group>"; };
		035AA14A218BE51100775CFE /* Info.plist */ = {isa = PBXFileReference; lastKnownFileType = text.plist.xml; path = Info.plist; sourceTree = "<group>"; };
		035AA156218BE52900775CFE /* ToDoListViewController.swift */ = {isa = PBXFileReference; lastKnownFileType = sourcecode.swift; path = ToDoListViewController.swift; sourceTree = "<group>"; };
		03B17573218D260000645E30 /* TaskViewController.swift */ = {isa = PBXFileReference; lastKnownFileType = sourcecode.swift; path = TaskViewController.swift; sourceTree = "<group>"; };
		03C50A27218D1FBF001692ED /* Task+CoreDataClass.swift */ = {isa = PBXFileReference; lastKnownFileType = sourcecode.swift; path = "Task+CoreDataClass.swift"; sourceTree = "<group>"; };
		03C50A28218D1FBF001692ED /* Task+CoreDataProperties.swift */ = {isa = PBXFileReference; lastKnownFileType = sourcecode.swift; path = "Task+CoreDataProperties.swift"; sourceTree = "<group>"; };
/* End PBXFileReference section */

/* Begin PBXFrameworksBuildPhase section */
		035AA11F218BE51100775CFE /* Frameworks */ = {
			isa = PBXFrameworksBuildPhase;
			buildActionMask = 2147483647;
			files = (
			);
			runOnlyForDeploymentPostprocessing = 0;
		};
		035AA136218BE51100775CFE /* Frameworks */ = {
			isa = PBXFrameworksBuildPhase;
			buildActionMask = 2147483647;
			files = (
			);
			runOnlyForDeploymentPostprocessing = 0;
		};
		035AA141218BE51100775CFE /* Frameworks */ = {
			isa = PBXFrameworksBuildPhase;
			buildActionMask = 2147483647;
			files = (
			);
			runOnlyForDeploymentPostprocessing = 0;
		};
/* End PBXFrameworksBuildPhase section */

/* Begin PBXGroup section */
		035AA119218BE51100775CFE = {
			isa = PBXGroup;
			children = (
				035AA124218BE51100775CFE /* ToDoList */,
				035AA13C218BE51100775CFE /* ToDoListTests */,
				035AA147218BE51100775CFE /* ToDoListUITests */,
				035AA123218BE51100775CFE /* Products */,
			);
			sourceTree = "<group>";
		};
		035AA123218BE51100775CFE /* Products */ = {
			isa = PBXGroup;
			children = (
				035AA122218BE51100775CFE /* ToDoList.app */,
				035AA139218BE51100775CFE /* ToDoListTests.xctest */,
				035AA144218BE51100775CFE /* ToDoListUITests.xctest */,
			);
			name = Products;
			sourceTree = "<group>";
		};
		035AA124218BE51100775CFE /* ToDoList */ = {
			isa = PBXGroup;
			children = (
				03C50A27218D1FBF001692ED /* Task+CoreDataClass.swift */,
				03C50A28218D1FBF001692ED /* Task+CoreDataProperties.swift */,
				035AA125218BE51100775CFE /* AppDelegate.swift */,
				035AA156218BE52900775CFE /* ToDoListViewController.swift */,
				03B17573218D260000645E30 /* TaskViewController.swift */,
				035AA129218BE51100775CFE /* Main.storyboard */,
				035AA12F218BE51100775CFE /* Assets.xcassets */,
				035AA131218BE51100775CFE /* LaunchScreen.storyboard */,
				035AA134218BE51100775CFE /* Info.plist */,
				035AA12C218BE51100775CFE /* ToDoList.xcdatamodeld */,
			);
			path = ToDoList;
			sourceTree = "<group>";
		};
		035AA13C218BE51100775CFE /* ToDoListTests */ = {
			isa = PBXGroup;
			children = (
				035AA13D218BE51100775CFE /* ToDoListTests.swift */,
				035AA13F218BE51100775CFE /* Info.plist */,
			);
			path = ToDoListTests;
			sourceTree = "<group>";
		};
		035AA147218BE51100775CFE /* ToDoListUITests */ = {
			isa = PBXGroup;
			children = (
				035AA148218BE51100775CFE /* ToDoListUITests.swift */,
				035AA14A218BE51100775CFE /* Info.plist */,
			);
			path = ToDoListUITests;
			sourceTree = "<group>";
		};
/* End PBXGroup section */

/* Begin PBXNativeTarget section */
		035AA121218BE51100775CFE /* ToDoList */ = {
			isa = PBXNativeTarget;
			buildConfigurationList = 035AA14D218BE51100775CFE /* Build configuration list for PBXNativeTarget "ToDoList" */;
			buildPhases = (
				035AA11E218BE51100775CFE /* Sources */,
				035AA11F218BE51100775CFE /* Frameworks */,
				035AA120218BE51100775CFE /* Resources */,
			);
			buildRules = (
			);
			dependencies = (
			);
			name = ToDoList;
			productName = ToDoList;
			productReference = 035AA122218BE51100775CFE /* ToDoList.app */;
			productType = "com.apple.product-type.application";
		};
		035AA138218BE51100775CFE /* ToDoListTests */ = {
			isa = PBXNativeTarget;
			buildConfigurationList = 035AA150218BE51100775CFE /* Build configuration list for PBXNativeTarget "ToDoListTests" */;
			buildPhases = (
				035AA135218BE51100775CFE /* Sources */,
				035AA136218BE51100775CFE /* Frameworks */,
				035AA137218BE51100775CFE /* Resources */,
			);
			buildRules = (
			);
			dependencies = (
				035AA13B218BE51100775CFE /* PBXTargetDependency */,
			);
			name = ToDoListTests;
			productName = ToDoListTests;
			productReference = 035AA139218BE51100775CFE /* ToDoListTests.xctest */;
			productType = "com.apple.product-type.bundle.unit-test";
		};
		035AA143218BE51100775CFE /* ToDoListUITests */ = {
			isa = PBXNativeTarget;
			buildConfigurationList = 035AA153218BE51100775CFE /* Build configuration list for PBXNativeTarget "ToDoListUITests" */;
			buildPhases = (
				035AA140218BE51100775CFE /* Sources */,
				035AA141218BE51100775CFE /* Frameworks */,
				035AA142218BE51100775CFE /* Resources */,
			);
			buildRules = (
			);
			dependencies = (
				035AA146218BE51100775CFE /* PBXTargetDependency */,
			);
			name = ToDoListUITests;
			productName = ToDoListUITests;
			productReference = 035AA144218BE51100775CFE /* ToDoListUITests.xctest */;
			productType = "com.apple.product-type.bundle.ui-testing";
		};
/* End PBXNativeTarget section */

/* Begin PBXProject section */
		035AA11A218BE51100775CFE /* Project object */ = {
			isa = PBXProject;
			attributes = {
				LastSwiftUpdateCheck = 1000;
				LastUpgradeCheck = 1000;
				ORGANIZATIONNAME = "Colin Stevens";
				TargetAttributes = {
					035AA121218BE51100775CFE = {
						CreatedOnToolsVersion = 10.0;
					};
					035AA138218BE51100775CFE = {
						CreatedOnToolsVersion = 10.0;
						TestTargetID = 035AA121218BE51100775CFE;
					};
					035AA143218BE51100775CFE = {
						CreatedOnToolsVersion = 10.0;
						TestTargetID = 035AA121218BE51100775CFE;
					};
				};
			};
			buildConfigurationList = 035AA11D218BE51100775CFE /* Build configuration list for PBXProject "ToDoList" */;
			compatibilityVersion = "Xcode 9.3";
			developmentRegion = en;
			hasScannedForEncodings = 0;
			knownRegions = (
				en,
				Base,
			);
			mainGroup = 035AA119218BE51100775CFE;
			productRefGroup = 035AA123218BE51100775CFE /* Products */;
			projectDirPath = "";
			projectRoot = "";
			targets = (
				035AA121218BE51100775CFE /* ToDoList */,
				035AA138218BE51100775CFE /* ToDoListTests */,
				035AA143218BE51100775CFE /* ToDoListUITests */,
			);
		};
/* End PBXProject section */

/* Begin PBXResourcesBuildPhase section */
		035AA120218BE51100775CFE /* Resources */ = {
			isa = PBXResourcesBuildPhase;
			buildActionMask = 2147483647;
			files = (
				035AA133218BE51100775CFE /* LaunchScreen.storyboard in Resources */,
				035AA130218BE51100775CFE /* Assets.xcassets in Resources */,
				035AA12B218BE51100775CFE /* Main.storyboard in Resources */,
			);
			runOnlyForDeploymentPostprocessing = 0;
		};
		035AA137218BE51100775CFE /* Resources */ = {
			isa = PBXResourcesBuildPhase;
			buildActionMask = 2147483647;
			files = (
			);
			runOnlyForDeploymentPostprocessing = 0;
		};
		035AA142218BE51100775CFE /* Resources */ = {
			isa = PBXResourcesBuildPhase;
			buildActionMask = 2147483647;
			files = (
			);
			runOnlyForDeploymentPostprocessing = 0;
		};
/* End PBXResourcesBuildPhase section */

/* Begin PBXSourcesBuildPhase section */
		035AA11E218BE51100775CFE /* Sources */ = {
			isa = PBXSourcesBuildPhase;
			buildActionMask = 2147483647;
			files = (
				035AA12E218BE51100775CFE /* ToDoList.xcdatamodeld in Sources */,
				035AA157218BE52900775CFE /* ToDoListViewController.swift in Sources */,
				03C50A29218D1FBF001692ED /* Task+CoreDataClass.swift in Sources */,
				03C50A2A218D1FBF001692ED /* Task+CoreDataProperties.swift in Sources */,
				035AA126218BE51100775CFE /* AppDelegate.swift in Sources */,
				03B17574218D260000645E30 /* TaskViewController.swift in Sources */,
			);
			runOnlyForDeploymentPostprocessing = 0;
		};
		035AA135218BE51100775CFE /* Sources */ = {
			isa = PBXSourcesBuildPhase;
			buildActionMask = 2147483647;
			files = (
				035AA13E218BE51100775CFE /* ToDoListTests.swift in Sources */,
			);
			runOnlyForDeploymentPostprocessing = 0;
		};
		035AA140218BE51100775CFE /* Sources */ = {
			isa = PBXSourcesBuildPhase;
			buildActionMask = 2147483647;
			files = (
				035AA149218BE51100775CFE /* ToDoListUITests.swift in Sources */,
			);
			runOnlyForDeploymentPostprocessing = 0;
		};
/* End PBXSourcesBuildPhase section */

/* Begin PBXTargetDependency section */
		035AA13B218BE51100775CFE /* PBXTargetDependency */ = {
			isa = PBXTargetDependency;
			target = 035AA121218BE51100775CFE /* ToDoList */;
			targetProxy = 035AA13A218BE51100775CFE /* PBXContainerItemProxy */;
		};
		035AA146218BE51100775CFE /* PBXTargetDependency */ = {
			isa = PBXTargetDependency;
			target = 035AA121218BE51100775CFE /* ToDoList */;
			targetProxy = 035AA145218BE51100775CFE /* PBXContainerItemProxy */;
		};
/* End PBXTargetDependency section */

/* Begin PBXVariantGroup section */
		035AA129218BE51100775CFE /* Main.storyboard */ = {
			isa = PBXVariantGroup;
			children = (
				035AA12A218BE51100775CFE /* Base */,
			);
			name = Main.storyboard;
			sourceTree = "<group>";
		};
		035AA131218BE51100775CFE /* LaunchScreen.storyboard */ = {
			isa = PBXVariantGroup;
			children = (
				035AA132218BE51100775CFE /* Base */,
			);
			name = LaunchScreen.storyboard;
			sourceTree = "<group>";
		};
/* End PBXVariantGroup section */

/* Begin XCBuildConfiguration section */
		035AA14B218BE51100775CFE /* Debug */ = {
			isa = XCBuildConfiguration;
			buildSettings = {
				ALWAYS_SEARCH_USER_PATHS = NO;
				CLANG_ANALYZER_NONNULL = YES;
				CLANG_ANALYZER_NUMBER_OBJECT_CONVERSION = YES_AGGRESSIVE;
				CLANG_CXX_LANGUAGE_STANDARD = "gnu++14";
				CLANG_CXX_LIBRARY = "libc++";
				CLANG_ENABLE_MODULES = YES;
				CLANG_ENABLE_OBJC_ARC = YES;
				CLANG_ENABLE_OBJC_WEAK = YES;
				CLANG_WARN_BLOCK_CAPTURE_AUTORELEASING = YES;
				CLANG_WARN_BOOL_CONVERSION = YES;
				CLANG_WARN_COMMA = YES;
				CLANG_WARN_CONSTANT_CONVERSION = YES;
				CLANG_WARN_DEPRECATED_OBJC_IMPLEMENTATIONS = YES;
				CLANG_WARN_DIRECT_OBJC_ISA_USAGE = YES_ERROR;
				CLANG_WARN_DOCUMENTATION_COMMENTS = YES;
				CLANG_WARN_EMPTY_BODY = YES;
				CLANG_WARN_ENUM_CONVERSION = YES;
				CLANG_WARN_INFINITE_RECURSION = YES;
				CLANG_WARN_INT_CONVERSION = YES;
				CLANG_WARN_NON_LITERAL_NULL_CONVERSION = YES;
				CLANG_WARN_OBJC_IMPLICIT_RETAIN_SELF = YES;
				CLANG_WARN_OBJC_LITERAL_CONVERSION = YES;
				CLANG_WARN_OBJC_ROOT_CLASS = YES_ERROR;
				CLANG_WARN_RANGE_LOOP_ANALYSIS = YES;
				CLANG_WARN_STRICT_PROTOTYPES = YES;
				CLANG_WARN_SUSPICIOUS_MOVE = YES;
				CLANG_WARN_UNGUARDED_AVAILABILITY = YES_AGGRESSIVE;
				CLANG_WARN_UNREACHABLE_CODE = YES;
				CLANG_WARN__DUPLICATE_METHOD_MATCH = YES;
				CODE_SIGN_IDENTITY = "iPhone Developer";
				COPY_PHASE_STRIP = NO;
				DEBUG_INFORMATION_FORMAT = dwarf;
				ENABLE_STRICT_OBJC_MSGSEND = YES;
				ENABLE_TESTABILITY = YES;
				GCC_C_LANGUAGE_STANDARD = gnu11;
				GCC_DYNAMIC_NO_PIC = NO;
				GCC_NO_COMMON_BLOCKS = YES;
				GCC_OPTIMIZATION_LEVEL = 0;
				GCC_PREPROCESSOR_DEFINITIONS = (
					"DEBUG=1",
					"$(inherited)",
				);
				GCC_WARN_64_TO_32_BIT_CONVERSION = YES;
				GCC_WARN_ABOUT_RETURN_TYPE = YES_ERROR;
				GCC_WARN_UNDECLARED_SELECTOR = YES;
				GCC_WARN_UNINITIALIZED_AUTOS = YES_AGGRESSIVE;
				GCC_WARN_UNUSED_FUNCTION = YES;
				GCC_WARN_UNUSED_VARIABLE = YES;
				IPHONEOS_DEPLOYMENT_TARGET = 12.0;
				MTL_ENABLE_DEBUG_INFO = INCLUDE_SOURCE;
				MTL_FAST_MATH = YES;
				ONLY_ACTIVE_ARCH = YES;
				SDKROOT = iphoneos;
				SWIFT_ACTIVE_COMPILATION_CONDITIONS = DEBUG;
				SWIFT_OPTIMIZATION_LEVEL = "-Onone";
			};
			name = Debug;
		};
		035AA14C218BE51100775CFE /* Release */ = {
			isa = XCBuildConfiguration;
			buildSettings = {
				ALWAYS_SEARCH_USER_PATHS = NO;
				CLANG_ANALYZER_NONNULL = YES;
				CLANG_ANALYZER_NUMBER_OBJECT_CONVERSION = YES_AGGRESSIVE;
				CLANG_CXX_LANGUAGE_STANDARD = "gnu++14";
				CLANG_CXX_LIBRARY = "libc++";
				CLANG_ENABLE_MODULES = YES;
				CLANG_ENABLE_OBJC_ARC = YES;
				CLANG_ENABLE_OBJC_WEAK = YES;
				CLANG_WARN_BLOCK_CAPTURE_AUTORELEASING = YES;
				CLANG_WARN_BOOL_CONVERSION = YES;
				CLANG_WARN_COMMA = YES;
				CLANG_WARN_CONSTANT_CONVERSION = YES;
				CLANG_WARN_DEPRECATED_OBJC_IMPLEMENTATIONS = YES;
				CLANG_WARN_DIRECT_OBJC_ISA_USAGE = YES_ERROR;
				CLANG_WARN_DOCUMENTATION_COMMENTS = YES;
				CLANG_WARN_EMPTY_BODY = YES;
				CLANG_WARN_ENUM_CONVERSION = YES;
				CLANG_WARN_INFINITE_RECURSION = YES;
				CLANG_WARN_INT_CONVERSION = YES;
				CLANG_WARN_NON_LITERAL_NULL_CONVERSION = YES;
				CLANG_WARN_OBJC_IMPLICIT_RETAIN_SELF = YES;
				CLANG_WARN_OBJC_LITERAL_CONVERSION = YES;
				CLANG_WARN_OBJC_ROOT_CLASS = YES_ERROR;
				CLANG_WARN_RANGE_LOOP_ANALYSIS = YES;
				CLANG_WARN_STRICT_PROTOTYPES = YES;
				CLANG_WARN_SUSPICIOUS_MOVE = YES;
				CLANG_WARN_UNGUARDED_AVAILABILITY = YES_AGGRESSIVE;
				CLANG_WARN_UNREACHABLE_CODE = YES;
				CLANG_WARN__DUPLICATE_METHOD_MATCH = YES;
				CODE_SIGN_IDENTITY = "iPhone Developer";
				COPY_PHASE_STRIP = NO;
				DEBUG_INFORMATION_FORMAT = "dwarf-with-dsym";
				ENABLE_NS_ASSERTIONS = NO;
				ENABLE_STRICT_OBJC_MSGSEND = YES;
				GCC_C_LANGUAGE_STANDARD = gnu11;
				GCC_NO_COMMON_BLOCKS = YES;
				GCC_WARN_64_TO_32_BIT_CONVERSION = YES;
				GCC_WARN_ABOUT_RETURN_TYPE = YES_ERROR;
				GCC_WARN_UNDECLARED_SELECTOR = YES;
				GCC_WARN_UNINITIALIZED_AUTOS = YES_AGGRESSIVE;
				GCC_WARN_UNUSED_FUNCTION = YES;
				GCC_WARN_UNUSED_VARIABLE = YES;
				IPHONEOS_DEPLOYMENT_TARGET = 12.0;
				MTL_ENABLE_DEBUG_INFO = NO;
				MTL_FAST_MATH = YES;
				SDKROOT = iphoneos;
				SWIFT_COMPILATION_MODE = wholemodule;
				SWIFT_OPTIMIZATION_LEVEL = "-O";
				VALIDATE_PRODUCT = YES;
			};
			name = Release;
		};
		035AA14E218BE51100775CFE /* Debug */ = {
			isa = XCBuildConfiguration;
			buildSettings = {
				ASSETCATALOG_COMPILER_APPICON_NAME = AppIcon;
				CODE_SIGN_STYLE = Automatic;
				INFOPLIST_FILE = ToDoList/Info.plist;
				LD_RUNPATH_SEARCH_PATHS = (
					"$(inherited)",
					"@executable_path/Frameworks",
				);
				PRODUCT_BUNDLE_IDENTIFIER = colinstevens.ToDoList;
				PRODUCT_NAME = "$(TARGET_NAME)";
				SWIFT_VERSION = 4.2;
				TARGETED_DEVICE_FAMILY = "1,2";
			};
			name = Debug;
		};
		035AA14F218BE51100775CFE /* Release */ = {
			isa = XCBuildConfiguration;
			buildSettings = {
				ASSETCATALOG_COMPILER_APPICON_NAME = AppIcon;
				CODE_SIGN_STYLE = Automatic;
				INFOPLIST_FILE = ToDoList/Info.plist;
				LD_RUNPATH_SEARCH_PATHS = (
					"$(inherited)",
					"@executable_path/Frameworks",
				);
				PRODUCT_BUNDLE_IDENTIFIER = colinstevens.ToDoList;
				PRODUCT_NAME = "$(TARGET_NAME)";
				SWIFT_VERSION = 4.2;
				TARGETED_DEVICE_FAMILY = "1,2";
			};
			name = Release;
		};
		035AA151218BE51100775CFE /* Debug */ = {
			isa = XCBuildConfiguration;
			buildSettings = {
				ALWAYS_EMBED_SWIFT_STANDARD_LIBRARIES = YES;
				BUNDLE_LOADER = "$(TEST_HOST)";
				CODE_SIGN_STYLE = Automatic;
				INFOPLIST_FILE = ToDoListTests/Info.plist;
				LD_RUNPATH_SEARCH_PATHS = (
					"$(inherited)",
					"@executable_path/Frameworks",
					"@loader_path/Frameworks",
				);
				PRODUCT_BUNDLE_IDENTIFIER = colinstevens.ToDoListTests;
				PRODUCT_NAME = "$(TARGET_NAME)";
				SWIFT_VERSION = 4.2;
				TARGETED_DEVICE_FAMILY = "1,2";
				TEST_HOST = "$(BUILT_PRODUCTS_DIR)/ToDoList.app/ToDoList";
			};
			name = Debug;
		};
		035AA152218BE51100775CFE /* Release */ = {
			isa = XCBuildConfiguration;
			buildSettings = {
				ALWAYS_EMBED_SWIFT_STANDARD_LIBRARIES = YES;
				BUNDLE_LOADER = "$(TEST_HOST)";
				CODE_SIGN_STYLE = Automatic;
				INFOPLIST_FILE = ToDoListTests/Info.plist;
				LD_RUNPATH_SEARCH_PATHS = (
					"$(inherited)",
					"@executable_path/Frameworks",
					"@loader_path/Frameworks",
				);
				PRODUCT_BUNDLE_IDENTIFIER = colinstevens.ToDoListTests;
				PRODUCT_NAME = "$(TARGET_NAME)";
				SWIFT_VERSION = 4.2;
				TARGETED_DEVICE_FAMILY = "1,2";
				TEST_HOST = "$(BUILT_PRODUCTS_DIR)/ToDoList.app/ToDoList";
			};
			name = Release;
		};
		035AA154218BE51100775CFE /* Debug */ = {
			isa = XCBuildConfiguration;
			buildSettings = {
				ALWAYS_EMBED_SWIFT_STANDARD_LIBRARIES = YES;
				CODE_SIGN_STYLE = Automatic;
				INFOPLIST_FILE = ToDoListUITests/Info.plist;
				LD_RUNPATH_SEARCH_PATHS = (
					"$(inherited)",
					"@executable_path/Frameworks",
					"@loader_path/Frameworks",
				);
				PRODUCT_BUNDLE_IDENTIFIER = colinstevens.ToDoListUITests;
				PRODUCT_NAME = "$(TARGET_NAME)";
				SWIFT_VERSION = 4.2;
				TARGETED_DEVICE_FAMILY = "1,2";
				TEST_TARGET_NAME = ToDoList;
			};
			name = Debug;
		};
		035AA155218BE51100775CFE /* Release */ = {
			isa = XCBuildConfiguration;
			buildSettings = {
				ALWAYS_EMBED_SWIFT_STANDARD_LIBRARIES = YES;
				CODE_SIGN_STYLE = Automatic;
				INFOPLIST_FILE = ToDoListUITests/Info.plist;
				LD_RUNPATH_SEARCH_PATHS = (
					"$(inherited)",
					"@executable_path/Frameworks",
					"@loader_path/Frameworks",
				);
				PRODUCT_BUNDLE_IDENTIFIER = colinstevens.ToDoListUITests;
				PRODUCT_NAME = "$(TARGET_NAME)";
				SWIFT_VERSION = 4.2;
				TARGETED_DEVICE_FAMILY = "1,2";
				TEST_TARGET_NAME = ToDoList;
			};
			name = Release;
		};
/* End XCBuildConfiguration section */

/* Begin XCConfigurationList section */
		035AA11D218BE51100775CFE /* Build configuration list for PBXProject "ToDoList" */ = {
			isa = XCConfigurationList;
			buildConfigurations = (
				035AA14B218BE51100775CFE /* Debug */,
				035AA14C218BE51100775CFE /* Release */,
			);
			defaultConfigurationIsVisible = 0;
			defaultConfigurationName = Release;
		};
		035AA14D218BE51100775CFE /* Build configuration list for PBXNativeTarget "ToDoList" */ = {
			isa = XCConfigurationList;
			buildConfigurations = (
				035AA14E218BE51100775CFE /* Debug */,
				035AA14F218BE51100775CFE /* Release */,
			);
			defaultConfigurationIsVisible = 0;
			defaultConfigurationName = Release;
		};
		035AA150218BE51100775CFE /* Build configuration list for PBXNativeTarget "ToDoListTests" */ = {
			isa = XCConfigurationList;
			buildConfigurations = (
				035AA151218BE51100775CFE /* Debug */,
				035AA152218BE51100775CFE /* Release */,
			);
			defaultConfigurationIsVisible = 0;
			defaultConfigurationName = Release;
		};
		035AA153218BE51100775CFE /* Build configuration list for PBXNativeTarget "ToDoListUITests" */ = {
			isa = XCConfigurationList;
			buildConfigurations = (
				035AA154218BE51100775CFE /* Debug */,
				035AA155218BE51100775CFE /* Release */,
			);
			defaultConfigurationIsVisible = 0;
			defaultConfigurationName = Release;
		};
/* End XCConfigurationList section */

/* Begin XCVersionGroup section */
		035AA12C218BE51100775CFE /* ToDoList.xcdatamodeld */ = {
			isa = XCVersionGroup;
			children = (
				035AA12D218BE51100775CFE /* ToDoList.xcdatamodel */,
			);
			currentVersion = 035AA12D218BE51100775CFE /* ToDoList.xcdatamodel */;
			path = ToDoList.xcdatamodeld;
			sourceTree = "<group>";
			versionGroupType = wrapper.xcdatamodel;
		};
/* End XCVersionGroup section */
	};
	rootObject = 035AA11A218BE51100775CFE /* Project object */;
}
